
Microsoft Visual Studio Solution File, Format Version 12.00
# Visual Studio Version 17
VisualStudioVersion = 17.6.33723.286
MinimumVisualStudioVersion = 10.0.40219.1
Project("{9A19103F-16F7-4668-BE54-9A1E7A4F7556}") = "Question2", "question2\Question2.csproj", "{9AF74A1D-2269-4C38-BC93-B5707673E87C}"
EndProject
Project("{9A19103F-16F7-4668-BE54-9A1E7A4F7556}") = "Question3", "Question3\Question3.csproj", "{63B2F777-9709-44E5-806C-5D0D0CED0A10}"
EndProject
Project("{FAE04EC0-301F-11D3-BF4B-00C04F79EFBC}") = "Question1", "Question1\Question1.csproj", "{4DA40281-0CD5-42C4-88D7-F9F6EDC13438}"
EndProject
Global
	GlobalSection(SolutionConfigurationPlatforms) = preSolution
		Debug|Any CPU = Debug|Any CPU
		Release|Any CPU = Release|Any CPU
	EndGlobalSection
	GlobalSection(ProjectConfigurationPlatforms) = postSolution
		{9AF74A1D-2269-4C38-BC93-B5707673E87C}.Debug|Any CPU.ActiveCfg = Debug|Any CPU
		{9AF74A1D-2269-4C38-BC93-B5707673E87C}.Debug|Any CPU.Build.0 = Debug|Any CPU
		{9AF74A1D-2269-4C38-BC93-B5707673E87C}.Release|Any CPU.ActiveCfg = Release|Any CPU
		{9AF74A1D-2269-4C38-BC93-B5707673E87C}.Release|Any CPU.Build.0 = Release|Any CPU
		{63B2F777-9709-44E5-806C-5D0D0CED0A10}.Debug|Any CPU.ActiveCfg = Debug|Any CPU
		{63B2F777-9709-44E5-806C-5D0D0CED0A10}.Debug|Any CPU.Build.0 = Debug|Any CPU
		{63B2F777-9709-44E5-806C-5D0D0CED0A10}.Release|Any CPU.ActiveCfg = Release|Any CPU
		{63B2F777-9709-44E5-806C-5D0D0CED0A10}.Release|Any CPU.Build.0 = Release|Any CPU
		{4DA40281-0CD5-42C4-88D7-F9F6EDC13438}.Debug|Any CPU.ActiveCfg = Debug|Any CPU
		{4DA40281-0CD5-42C4-88D7-F9F6EDC13438}.Debug|Any CPU.Build.0 = Debug|Any CPU
		{4DA40281-0CD5-42C4-88D7-F9F6EDC13438}.Release|Any CPU.ActiveCfg = Release|Any CPU
		{4DA40281-0CD5-42C4-88D7-F9F6EDC13438}.Release|Any CPU.Build.0 = Release|Any CPU
	EndGlobalSection
	GlobalSection(SolutionProperties) = preSolution
		HideSolutionNode = FALSE
	EndGlobalSection
	GlobalSection(ExtensibilityGlobals) = postSolution
		SolutionGuid = {56881741-8004-4097-B25D-B9B9376E5EE5}
	EndGlobalSection
EndGlobal
